PODS:
  - RunKit (0.0.1):
    - RunKit/Extensions (= 0.0.1)
  - RunKit/Extensions (0.0.1)

DEPENDENCIES:
  - RunKit (from `../`)

EXTERNAL SOURCES:
  RunKit:
    :path: "../"

SPEC CHECKSUMS:
  RunKit: 114defe53cf32dc15b39e8bacf5ca9b4fb631545

PODFILE CHECKSUM: a529b4b80cc8ebf08ac211fa14665597b15b599d

COCOAPODS: 1.9.3
